
Microsoft Visual Studio Solution File, Format Version 10.00
# Visual Studio 2008
Project("{FAE04EC0-301F-11D3-BF4B-00C04F79EFBC}") = "RoadmapLearningPlanning", "RoadmapLearningPlanning\RoadmapLearningPlanning.csproj", "{7DE09D7C-B258-403D-9F1E-72A4C62F19CB}"
EndProject
Global
	GlobalSection(SolutionConfigurationPlatforms) = preSolution
		Debug|Any CPU = Debug|Any CPU
		Release|Any CPU = Release|Any CPU
	EndGlobalSection
	GlobalSection(ProjectConfigurationPlatforms) = postSolution
		{7DE09D7C-B258-403D-9F1E-72A4C62F19CB}.Debug|Any CPU.ActiveCfg = Debug|Any CPU
		{7DE09D7C-B258-403D-9F1E-72A4C62F19CB}.Debug|Any CPU.Build.0 = Debug|Any CPU
		{7DE09D7C-B258-403D-9F1E-72A4C62F19CB}.Release|Any CPU.ActiveCfg = Release|Any CPU
		{7DE09D7C-B258-403D-9F1E-72A4C62F19CB}.Release|Any CPU.Build.0 = Release|Any CPU
	EndGlobalSection
	GlobalSection(SolutionProperties) = preSolution
		HideSolutionNode = FALSE
	EndGlobalSection
EndGlobal
